
Microsoft Visual Studio Solution File, Format Version 12.00
# Visual Studio Version 17
VisualStudioVersion = 17.5.33516.290
MinimumVisualStudioVersion = 10.0.40219.1
Project("{FAE04EC0-301F-11D3-BF4B-00C04F79EFBC}") = "LibraryFigures", "LibraryFigures\LibraryFigures.csproj", "{263132A3-1730-4BB7-99CD-1BFA4B42F28B}"
EndProject
Project("{FAE04EC0-301F-11D3-BF4B-00C04F79EFBC}") = "UnitTestProject1", "UnitTestProject1\UnitTestProject1.csproj", "{16B86DA9-CE4C-4352-B459-725A9347485A}"
EndProject
Global
	GlobalSection(SolutionConfigurationPlatforms) = preSolution
		Debug|Any CPU = Debug|Any CPU
		Release|Any CPU = Release|Any CPU
	EndGlobalSection
	GlobalSection(ProjectConfigurationPlatforms) = postSolution
		{263132A3-1730-4BB7-99CD-1BFA4B42F28B}.Debug|Any CPU.ActiveCfg = Debug|Any CPU
		{263132A3-1730-4BB7-99CD-1BFA4B42F28B}.Debug|Any CPU.Build.0 = Debug|Any CPU
		{263132A3-1730-4BB7-99CD-1BFA4B42F28B}.Release|Any CPU.ActiveCfg = Release|Any CPU
		{263132A3-1730-4BB7-99CD-1BFA4B42F28B}.Release|Any CPU.Build.0 = Release|Any CPU
		{16B86DA9-CE4C-4352-B459-725A9347485A}.Debug|Any CPU.ActiveCfg = Debug|Any CPU
		{16B86DA9-CE4C-4352-B459-725A9347485A}.Debug|Any CPU.Build.0 = Debug|Any CPU
		{16B86DA9-CE4C-4352-B459-725A9347485A}.Release|Any CPU.ActiveCfg = Release|Any CPU
		{16B86DA9-CE4C-4352-B459-725A9347485A}.Release|Any CPU.Build.0 = Release|Any CPU
	EndGlobalSection
	GlobalSection(SolutionProperties) = preSolution
		HideSolutionNode = FALSE
	EndGlobalSection
	GlobalSection(ExtensibilityGlobals) = postSolution
		SolutionGuid = {06398B9A-7CD6-4D0F-AD5B-F1B2BE2C286C}
	EndGlobalSection
EndGlobal
